
Microsoft Visual Studio Solution File, Format Version 12.00
# Visual Studio Version 16
VisualStudioVersion = 16.0.29728.190
MinimumVisualStudioVersion = 10.0.40219.1
Project("{FAE04EC0-301F-11D3-BF4B-00C04F79EFBC}") = "SaveMW", "SaveMW\SaveMW.csproj", "{8290824A-1B25-4346-997D-59A02EEAD315}"
EndProject
Project("{FAE04EC0-301F-11D3-BF4B-00C04F79EFBC}") = "SaveMW.Models", "SaveMW.Models\SaveMW.Models.csproj", "{BF42FCE4-CCE8-4DCF-B97A-91208DDCDD6D}"
EndProject
Global
	GlobalSection(SolutionConfigurationPlatforms) = preSolution
		Debug|Any CPU = Debug|Any CPU
		Release|Any CPU = Release|Any CPU
	EndGlobalSection
	GlobalSection(ProjectConfigurationPlatforms) = postSolution
		{8290824A-1B25-4346-997D-59A02EEAD315}.Debug|Any CPU.ActiveCfg = Debug|Any CPU
		{8290824A-1B25-4346-997D-59A02EEAD315}.Debug|Any CPU.Build.0 = Debug|Any CPU
		{8290824A-1B25-4346-997D-59A02EEAD315}.Release|Any CPU.ActiveCfg = Release|Any CPU
		{8290824A-1B25-4346-997D-59A02EEAD315}.Release|Any CPU.Build.0 = Release|Any CPU
		{BF42FCE4-CCE8-4DCF-B97A-91208DDCDD6D}.Debug|Any CPU.ActiveCfg = Debug|Any CPU
		{BF42FCE4-CCE8-4DCF-B97A-91208DDCDD6D}.Debug|Any CPU.Build.0 = Debug|Any CPU
		{BF42FCE4-CCE8-4DCF-B97A-91208DDCDD6D}.Release|Any CPU.ActiveCfg = Release|Any CPU
		{BF42FCE4-CCE8-4DCF-B97A-91208DDCDD6D}.Release|Any CPU.Build.0 = Release|Any CPU
	EndGlobalSection
	GlobalSection(SolutionProperties) = preSolution
		HideSolutionNode = FALSE
	EndGlobalSection
	GlobalSection(ExtensibilityGlobals) = postSolution
		SolutionGuid = {AA3E1C15-0417-44E3-8317-8C0DB6AA6E12}
	EndGlobalSection
EndGlobal
